Microsoft Visual Studio Solution File, Format Version 12.00
# Visual Studio Version 17
VisualStudioVersion = 17.5.2.0
MinimumVisualStudioVersion = 10.0.40219.1
Project("{FAE04EC0-301F-11D3-BF4B-00C04F79EFBC}") = "Obrigenie", "Obrigenie.csproj", "{6F9CFD8A-059B-4AB0-D402-0C5165FF0B80}"
EndProject
Global
	GlobalSection(SolutionConfigurationPlatforms) = preSolution
		Debug|Any CPU = Debug|Any CPU
		Release|Any CPU = Release|Any CPU
	EndGlobalSection
	GlobalSection(ProjectConfigurationPlatforms) = postSolution
		{6F9CFD8A-059B-4AB0-D402-0C5165FF0B80}.Debug|Any CPU.ActiveCfg = Debug|Any CPU
		{6F9CFD8A-059B-4AB0-D402-0C5165FF0B80}.Debug|Any CPU.Build.0 = Debug|Any CPU
		{6F9CFD8A-059B-4AB0-D402-0C5165FF0B80}.Release|Any CPU.ActiveCfg = Release|Any CPU
		{6F9CFD8A-059B-4AB0-D402-0C5165FF0B80}.Release|Any CPU.Build.0 = Release|Any CPU
	EndGlobalSection
	GlobalSection(SolutionProperties) = preSolution
		HideSolutionNode = FALSE
	EndGlobalSection
	GlobalSection(ExtensibilityGlobals) = postSolution
		SolutionGuid = {75CAD5FF-B00C-45C7-8F9E-728C09326F89}
	EndGlobalSection
EndGlobal
